
Microsoft Visual Studio Solution File, Format Version 11.00
# Visual Studio 2010
Project("{FAE04EC0-301F-11D3-BF4B-00C04F79EFBC}") = "InfoIc", "InfoIc.csproj", "{E860AF87-804F-4198-B20F-FDAF134B1AC9}"
EndProject
Global
	GlobalSection(SolutionConfigurationPlatforms) = preSolution
		Debug|x86 = Debug|x86
		Release|x86 = Release|x86
	EndGlobalSection
	GlobalSection(ProjectConfigurationPlatforms) = postSolution
		{E860AF87-804F-4198-B20F-FDAF134B1AC9}.Debug|x86.ActiveCfg = Debug|x86
		{E860AF87-804F-4198-B20F-FDAF134B1AC9}.Debug|x86.Build.0 = Debug|x86
		{E860AF87-804F-4198-B20F-FDAF134B1AC9}.Release|x86.ActiveCfg = Release|x86
		{E860AF87-804F-4198-B20F-FDAF134B1AC9}.Release|x86.Build.0 = Release|x86
	EndGlobalSection
	GlobalSection(SolutionProperties) = preSolution
		HideSolutionNode = FALSE
	EndGlobalSection
EndGlobal
